// !$*UTF8*$!
{
	archiveVersion = 1;
	classes = {
	};
	objectVersion = 56;
	objects = {

/* Begin PBXBuildFile section */
		4D228B9B2D195576005588DF /* AppDelegate.swift in Sources */ = {isa = PBXBuildFile; fileRef = 4D228B9A2D195576005588DF /* AppDelegate.swift */; };
		4D228B9D2D195576005588DF /* SceneDelegate.swift in Sources */ = {isa = PBXBuildFile; fileRef = 4D228B9C2D195576005588DF /* SceneDelegate.swift */; };
		4D228B9F2D195576005588DF /* TaskListViewController.swift in Sources */ = {isa = PBXBuildFile; fileRef = 4D228B9E2D195576005588DF /* TaskListViewController.swift */; };
		4D228BA42D195578005588DF /* Assets.xcassets in Resources */ = {isa = PBXBuildFile; fileRef = 4D228BA32D195578005588DF /* Assets.xcassets */; };
		4D228BA72D195578005588DF /* LaunchScreen.storyboard in Resources */ = {isa = PBXBuildFile; fileRef = 4D228BA52D195578005588DF /* LaunchScreen.storyboard */; };
		4D228BB92D196816005588DF /* RouterTests.swift in Sources */ = {isa = PBXBuildFile; fileRef = 4D228BB82D196816005588DF /* RouterTests.swift */; };
		4D228BC12D1970B3005588DF /* TaskListTableViewCell.swift in Sources */ = {isa = PBXBuildFile; fileRef = 4D228BC02D1970B3005588DF /* TaskListTableViewCell.swift */; };
		4D228BC42D1977D6005588DF /* TimeInterval+Extension.swift in Sources */ = {isa = PBXBuildFile; fileRef = 4D228BC32D1977D6005588DF /* TimeInterval+Extension.swift */; };
		4D743E372D19AB16003F382F /* Task.swift in Sources */ = {isa = PBXBuildFile; fileRef = 4D743E362D19AB16003F382F /* Task.swift */; };
		4D743E392D19AF71003F382F /* Section.swift in Sources */ = {isa = PBXBuildFile; fileRef = 4D743E382D19AF71003F382F /* Section.swift */; };
		4D743E3B2D19AFAB003F382F /* TaskSectionCreator.swift in Sources */ = {isa = PBXBuildFile; fileRef = 4D743E3A2D19AFAB003F382F /* TaskSectionCreator.swift */; };
		4D743E3E2D19CA38003F382F /* DetailViewController.swift in Sources */ = {isa = PBXBuildFile; fileRef = 4D743E3D2D19CA37003F382F /* DetailViewController.swift */; };
		4D743E422D19DB17003F382F /* CreateTaskViewController.swift in Sources */ = {isa = PBXBuildFile; fileRef = 4D743E412D19DB17003F382F /* CreateTaskViewController.swift */; };
		4D743E452D19E4BE003F382F /* UIViewController+Extension.swift in Sources */ = {isa = PBXBuildFile; fileRef = 4D743E442D19E4BE003F382F /* UIViewController+Extension.swift */; };
		4D743E472D19E529003F382F /* UIResponder+Extension.swift in Sources */ = {isa = PBXBuildFile; fileRef = 4D743E462D19E529003F382F /* UIResponder+Extension.swift */; };
		4D745D6D2D1AF93C0085106C /* AssemblyTests.swift in Sources */ = {isa = PBXBuildFile; fileRef = 4D745D6C2D1AF93C0085106C /* AssemblyTests.swift */; };
		4D745D6F2D1AFA2D0085106C /* MockRouter.swift in Sources */ = {isa = PBXBuildFile; fileRef = 4D745D6E2D1AFA2D0085106C /* MockRouter.swift */; };
		4D9344692D1A954D00AAE613 /* Assembly.swift in Sources */ = {isa = PBXBuildFile; fileRef = 4D9344682D1A954D00AAE613 /* Assembly.swift */; };
		4D93446B2D1A967000AAE613 /* AssemblyProtocol.swift in Sources */ = {isa = PBXBuildFile; fileRef = 4D93446A2D1A967000AAE613 /* AssemblyProtocol.swift */; };
		4D93446E2D1A9F5700AAE613 /* DetailPresenter.swift in Sources */ = {isa = PBXBuildFile; fileRef = 4D93446D2D1A9F5700AAE613 /* DetailPresenter.swift */; };
		4D9344712D1AAC5600AAE613 /* CreateTaskPresenter.swift in Sources */ = {isa = PBXBuildFile; fileRef = 4D9344702D1AAC5600AAE613 /* CreateTaskPresenter.swift */; };
		4DA2B64F2D1ACF2900F4F7B0 /* Router.swift in Sources */ = {isa = PBXBuildFile; fileRef = 4DA2B64E2D1ACF2900F4F7B0 /* Router.swift */; };
		4DA2B6512D1AD72400F4F7B0 /* RouterProtocol.swift in Sources */ = {isa = PBXBuildFile; fileRef = 4DA2B6502D1AD72400F4F7B0 /* RouterProtocol.swift */; };
		4DA2B6532D1AD7C000F4F7B0 /* MainRouterProtocol.swift in Sources */ = {isa = PBXBuildFile; fileRef = 4DA2B6522D1AD7C000F4F7B0 /* MainRouterProtocol.swift */; };
		4DA64CEC2D1C4965004ADE4F /* NetworkService.swift in Sources */ = {isa = PBXBuildFile; fileRef = 4DA64CEB2D1C4965004ADE4F /* NetworkService.swift */; };
		4DA64CEE2D1C4987004ADE4F /* NetworkError.swift in Sources */ = {isa = PBXBuildFile; fileRef = 4DA64CED2D1C4987004ADE4F /* NetworkError.swift */; };
		4DA64CF02D1C49E5004ADE4F /* NetworkServiceProtocol.swift in Sources */ = {isa = PBXBuildFile; fileRef = 4DA64CEF2D1C49E5004ADE4F /* NetworkServiceProtocol.swift */; };
		4DA64CF22D1C4A45004ADE4F /* NetworkService+Task.swift in Sources */ = {isa = PBXBuildFile; fileRef = 4DA64CF12D1C4A45004ADE4F /* NetworkService+Task.swift */; };
		4DA64CF42D1C4D8B004ADE4F /* Tasks.json in Resources */ = {isa = PBXBuildFile; fileRef = 4DA64CF32D1C4D8B004ADE4F /* Tasks.json */; };
		4DBC7B2F2D1A01180002EE00 /* RealmService.swift in Sources */ = {isa = PBXBuildFile; fileRef = 4DBC7B2E2D1A01180002EE00 /* RealmService.swift */; };
		4DBC7B312D1A019E0002EE00 /* RealmError.swift in Sources */ = {isa = PBXBuildFile; fileRef = 4DBC7B302D1A019E0002EE00 /* RealmError.swift */; };
		4DBC7B332D1A03080002EE00 /* RealmServiceProtocol.swift in Sources */ = {isa = PBXBuildFile; fileRef = 4DBC7B322D1A03080002EE00 /* RealmServiceProtocol.swift */; };
		4DBC7B352D1A03720002EE00 /* TaskRealm.swift in Sources */ = {isa = PBXBuildFile; fileRef = 4DBC7B342D1A03720002EE00 /* TaskRealm.swift */; };
		4DBC7B372D1A04440002EE00 /* RealmService+Task.swift in Sources */ = {isa = PBXBuildFile; fileRef = 4DBC7B362D1A04440002EE00 /* RealmService+Task.swift */; };
		4DBC7B3A2D1A08540002EE00 /* TaskListPresenter.swift in Sources */ = {isa = PBXBuildFile; fileRef = 4DBC7B392D1A08540002EE00 /* TaskListPresenter.swift */; };
		4DBC7B3C2D1A12940002EE00 /* Date+Extension.swift in Sources */ = {isa = PBXBuildFile; fileRef = 4DBC7B3B2D1A12940002EE00 /* Date+Extension.swift */; };
		4DD81C8E2D1B125D003C88B2 /* MockNavigationController.swift in Sources */ = {isa = PBXBuildFile; fileRef = 4DD81C8D2D1B125D003C88B2 /* MockNavigationController.swift */; };
		B09B4A6D1048C318A5AEE127 /* Pods_PlannerApp.framework in Frameworks */ = {isa = PBXBuildFile; fileRef = 11CFF879FF88284D06E31FC6 /* Pods_PlannerApp.framework */; };
/* End PBXBuildFile section */

/* Begin PBXContainerItemProxy section */
		4D228BBA2D196816005588DF /* PBXContainerItemProxy */ = {
			isa = PBXContainerItemProxy;
			containerPortal = 4D228B8F2D195576005588DF /* Project object */;
			proxyType = 1;
			remoteGlobalIDString = 4D228B962D195576005588DF;
			remoteInfo = PlannerApp;
		};
/* End PBXContainerItemProxy section */

/* Begin PBXFileReference section */
		11CFF879FF88284D06E31FC6 /* Pods_PlannerApp.framework */ = {isa = PBXFileReference; explicitFileType = wrapper.framework; includeInIndex = 0; path = Pods_PlannerApp.framework; sourceTree = BUILT_PRODUCTS_DIR; };
		32DAF5544E850DFE9E5337A5 /* Pods-PlannerApp.release.xcconfig */ = {isa = PBXFileReference; includeInIndex = 1; lastKnownFileType = text.xcconfig; name = "Pods-PlannerApp.release.xcconfig"; path = "Target Support Files/Pods-PlannerApp/Pods-PlannerApp.release.xcconfig"; sourceTree = "<group>"; };
		4D228B972D195576005588DF /* PlannerApp.app */ = {isa = PBXFileReference; explicitFileType = wrapper.application; includeInIndex = 0; path = PlannerApp.app; sourceTree = BUILT_PRODUCTS_DIR; };
		4D228B9A2D195576005588DF /* AppDelegate.swift */ = {isa = PBXFileReference; lastKnownFileType = sourcecode.swift; path = AppDelegate.swift; sourceTree = "<group>"; };
		4D228B9C2D195576005588DF /* SceneDelegate.swift */ = {isa = PBXFileReference; lastKnownFileType = sourcecode.swift; path = SceneDelegate.swift; sourceTree = "<group>"; };
		4D228B9E2D195576005588DF /* TaskListViewController.swift */ = {isa = PBXFileReference; lastKnownFileType = sourcecode.swift; path = TaskListViewController.swift; sourceTree = "<group>"; };
		4D228BA32D195578005588DF /* Assets.xcassets */ = {isa = PBXFileReference; lastKnownFileType = folder.assetcatalog; path = Assets.xcassets; sourceTree = "<group>"; };
		4D228BA62D195578005588DF /* Base */ = {isa = PBXFileReference; lastKnownFileType = file.storyboard; name = Base; path = Base.lproj/LaunchScreen.storyboard; sourceTree = "<group>"; };
		4D228BA82D195578005588DF /* Info.plist */ = {isa = PBXFileReference; lastKnownFileType = text.plist.xml; path = Info.plist; sourceTree = "<group>"; };
		4D228BB62D196816005588DF /* PlannerAppTests.xctest */ = {isa = PBXFileReference; explicitFileType = wrapper.cfbundle; includeInIndex = 0; path = PlannerAppTests.xctest; sourceTree = BUILT_PRODUCTS_DIR; };
		4D228BB82D196816005588DF /* RouterTests.swift */ = {isa = PBXFileReference; lastKnownFileType = sourcecode.swift; path = RouterTests.swift; sourceTree = "<group>"; };
		4D228BC02D1970B3005588DF /* TaskListTableViewCell.swift */ = {isa = PBXFileReference; lastKnownFileType = sourcecode.swift; path = TaskListTableViewCell.swift; sourceTree = "<group>"; };
		4D228BC32D1977D6005588DF /* TimeInterval+Extension.swift */ = {isa = PBXFileReference; lastKnownFileType = sourcecode.swift; path = "TimeInterval+Extension.swift"; sourceTree = "<group>"; };
		4D743E362D19AB16003F382F /* Task.swift */ = {isa = PBXFileReference; lastKnownFileType = sourcecode.swift; path = Task.swift; sourceTree = "<group>"; };
		4D743E382D19AF71003F382F /* Section.swift */ = {isa = PBXFileReference; lastKnownFileType = sourcecode.swift; path = Section.swift; sourceTree = "<group>"; };
		4D743E3A2D19AFAB003F382F /* TaskSectionCreator.swift */ = {isa = PBXFileReference; lastKnownFileType = sourcecode.swift; path = TaskSectionCreator.swift; sourceTree = "<group>"; };
		4D743E3D2D19CA37003F382F /* DetailViewController.swift */ = {isa = PBXFileReference; lastKnownFileType = sourcecode.swift; path = DetailViewController.swift; sourceTree = "<group>"; };
		4D743E412D19DB17003F382F /* CreateTaskViewController.swift */ = {isa = PBXFileReference; lastKnownFileType = sourcecode.swift; path = CreateTaskViewController.swift; sourceTree = "<group>"; };
		4D743E442D19E4BE003F382F /* UIViewController+Extension.swift */ = {isa = PBXFileReference; lastKnownFileType = sourcecode.swift; path = "UIViewController+Extension.swift"; sourceTree = "<group>"; };
		4D743E462D19E529003F382F /* UIResponder+Extension.swift */ = {isa = PBXFileReference; lastKnownFileType = sourcecode.swift; path = "UIResponder+Extension.swift"; sourceTree = "<group>"; };
		4D745D6C2D1AF93C0085106C /* AssemblyTests.swift */ = {isa = PBXFileReference; lastKnownFileType = sourcecode.swift; path = AssemblyTests.swift; sourceTree = "<group>"; };
		4D745D6E2D1AFA2D0085106C /* MockRouter.swift */ = {isa = PBXFileReference; lastKnownFileType = sourcecode.swift; path = MockRouter.swift; sourceTree = "<group>"; };
		4D9344682D1A954D00AAE613 /* Assembly.swift */ = {isa = PBXFileReference; lastKnownFileType = sourcecode.swift; path = Assembly.swift; sourceTree = "<group>"; };
		4D93446A2D1A967000AAE613 /* AssemblyProtocol.swift */ = {isa = PBXFileReference; lastKnownFileType = sourcecode.swift; path = AssemblyProtocol.swift; sourceTree = "<group>"; };
		4D93446D2D1A9F5700AAE613 /* DetailPresenter.swift */ = {isa = PBXFileReference; lastKnownFileType = sourcecode.swift; path = DetailPresenter.swift; sourceTree = "<group>"; };
		4D9344702D1AAC5600AAE613 /* CreateTaskPresenter.swift */ = {isa = PBXFileReference; lastKnownFileType = sourcecode.swift; path = CreateTaskPresenter.swift; sourceTree = "<group>"; };
		4DA2B64E2D1ACF2900F4F7B0 /* Router.swift */ = {isa = PBXFileReference; lastKnownFileType = sourcecode.swift; path = Router.swift; sourceTree = "<group>"; };
		4DA2B6502D1AD72400F4F7B0 /* RouterProtocol.swift */ = {isa = PBXFileReference; lastKnownFileType = sourcecode.swift; path = RouterProtocol.swift; sourceTree = "<group>"; };
		4DA2B6522D1AD7C000F4F7B0 /* MainRouterProtocol.swift */ = {isa = PBXFileReference; lastKnownFileType = sourcecode.swift; path = MainRouterProtocol.swift; sourceTree = "<group>"; };
		4DA64CEB2D1C4965004ADE4F /* NetworkService.swift */ = {isa = PBXFileReference; lastKnownFileType = sourcecode.swift; path = NetworkService.swift; sourceTree = "<group>"; };
		4DA64CED2D1C4987004ADE4F /* NetworkError.swift */ = {isa = PBXFileReference; lastKnownFileType = sourcecode.swift; path = NetworkError.swift; sourceTree = "<group>"; };
		4DA64CEF2D1C49E5004ADE4F /* NetworkServiceProtocol.swift */ = {isa = PBXFileReference; lastKnownFileType = sourcecode.swift; path = NetworkServiceProtocol.swift; sourceTree = "<group>"; };
		4DA64CF12D1C4A45004ADE4F /* NetworkService+Task.swift */ = {isa = PBXFileReference; lastKnownFileType = sourcecode.swift; path = "NetworkService+Task.swift"; sourceTree = "<group>"; };
		4DA64CF32D1C4D8B004ADE4F /* Tasks.json */ = {isa = PBXFileReference; fileEncoding = 4; lastKnownFileType = text.json; path = Tasks.json; sourceTree = "<group>"; };
		4DBC7B2E2D1A01180002EE00 /* RealmService.swift */ = {isa = PBXFileReference; lastKnownFileType = sourcecode.swift; path = RealmService.swift; sourceTree = "<group>"; };
		4DBC7B302D1A019E0002EE00 /* RealmError.swift */ = {isa = PBXFileReference; lastKnownFileType = sourcecode.swift; path = RealmError.swift; sourceTree = "<group>"; };
		4DBC7B322D1A03080002EE00 /* RealmServiceProtocol.swift */ = {isa = PBXFileReference; lastKnownFileType = sourcecode.swift; path = RealmServiceProtocol.swift; sourceTree = "<group>"; };
		4DBC7B342D1A03720002EE00 /* TaskRealm.swift */ = {isa = PBXFileReference; lastKnownFileType = sourcecode.swift; path = TaskRealm.swift; sourceTree = "<group>"; };
		4DBC7B362D1A04440002EE00 /* RealmService+Task.swift */ = {isa = PBXFileReference; lastKnownFileType = sourcecode.swift; path = "RealmService+Task.swift"; sourceTree = "<group>"; };
		4DBC7B392D1A08540002EE00 /* TaskListPresenter.swift */ = {isa = PBXFileReference; lastKnownFileType = sourcecode.swift; path = TaskListPresenter.swift; sourceTree = "<group>"; };
		4DBC7B3B2D1A12940002EE00 /* Date+Extension.swift */ = {isa = PBXFileReference; lastKnownFileType = sourcecode.swift; path = "Date+Extension.swift"; sourceTree = "<group>"; };
		4DD81C8D2D1B125D003C88B2 /* MockNavigationController.swift */ = {isa = PBXFileReference; lastKnownFileType = sourcecode.swift; path = MockNavigationController.swift; sourceTree = "<group>"; };
		A681D8B928BA68184A270739 /* Pods-PlannerApp.debug.xcconfig */ = {isa = PBXFileReference; includeInIndex = 1; lastKnownFileType = text.xcconfig; name = "Pods-PlannerApp.debug.xcconfig"; path = "Target Support Files/Pods-PlannerApp/Pods-PlannerApp.debug.xcconfig"; sourceTree = "<group>"; };
/* End PBXFileReference section */

/* Begin PBXFrameworksBuildPhase section */
		4D228B942D195576005588DF /* Frameworks */ = {
			isa = PBXFrameworksBuildPhase;
			buildActionMask = 2147483647;
			files = (
				B09B4A6D1048C318A5AEE127 /* Pods_PlannerApp.framework in Frameworks */,
			);
			runOnlyForDeploymentPostprocessing = 0;
		};
		4D228BB32D196815005588DF /* Frameworks */ = {
			isa = PBXFrameworksBuildPhase;
			buildActionMask = 2147483647;
			files = (
			);
			runOnlyForDeploymentPostprocessing = 0;
		};
/* End PBXFrameworksBuildPhase section */

/* Begin PBXGroup section */
		4D228B8E2D195576005588DF = {
			isa = PBXGroup;
			children = (
				4D228B992D195576005588DF /* PlannerApp */,
				4D228BB72D196816005588DF /* PlannerAppTests */,
				4D228B982D195576005588DF /* Products */,
				ED24E5497E929473CB91B3D2 /* Pods */,
				DAF1B6425E6B9BDD0A5961ED /* Frameworks */,
			);
			sourceTree = "<group>";
		};
		4D228B982D195576005588DF /* Products */ = {
			isa = PBXGroup;
			children = (
				4D228B972D195576005588DF /* PlannerApp.app */,
				4D228BB62D196816005588DF /* PlannerAppTests.xctest */,
			);
			name = Products;
			sourceTree = "<group>";
		};
		4D228B992D195576005588DF /* PlannerApp */ = {
			isa = PBXGroup;
			children = (
				4D228BC22D197675005588DF /* Extensions */,
				4D228BB12D19672F005588DF /* Services */,
				4D228BB02D1966DB005588DF /* Modules */,
				4D228BAF2D19662A005588DF /* SupportingFiles */,
				4D228B9A2D195576005588DF /* AppDelegate.swift */,
				4D228B9C2D195576005588DF /* SceneDelegate.swift */,
				4DA64CF32D1C4D8B004ADE4F /* Tasks.json */,
			);
			path = PlannerApp;
			sourceTree = "<group>";
		};
		4D228BAF2D19662A005588DF /* SupportingFiles */ = {
			isa = PBXGroup;
			children = (
				4D228BA32D195578005588DF /* Assets.xcassets */,
				4D228BA52D195578005588DF /* LaunchScreen.storyboard */,
				4D228BA82D195578005588DF /* Info.plist */,
			);
			path = SupportingFiles;
			sourceTree = "<group>";
		};
		4D228BB02D1966DB005588DF /* Modules */ = {
			isa = PBXGroup;
			children = (
				4D743E402D19DAD7003F382F /* CreateTask */,
				4D743E3C2D19C9FF003F382F /* Detail */,
				4D228BBF2D196D68005588DF /* TaskList */,
			);
			path = Modules;
			sourceTree = "<group>";
		};
		4D228BB12D19672F005588DF /* Services */ = {
			isa = PBXGroup;
			children = (
				4DA64CEA2D1C4914004ADE4F /* Network */,
				4DA2B64D2D1ACE3B00F4F7B0 /* Router */,
				4D9344672D1A952400AAE613 /* Assembly */,
				4DBC7B2D2D1A00E50002EE00 /* Storage */,
			);
			path = Services;
			sourceTree = "<group>";
		};
		4D228BB72D196816005588DF /* PlannerAppTests */ = {
			isa = PBXGroup;
			children = (
				4D745D6A2D1AF8990085106C /* Mock */,
				4D745D6B2D1AF8A30085106C /* AssemblyTests */,
				4DD81C8F2D1B176E003C88B2 /* RouterTests */,
			);
			path = PlannerAppTests;
			sourceTree = "<group>";
		};
		4D228BBF2D196D68005588DF /* TaskList */ = {
			isa = PBXGroup;
			children = (
				4D743E352D19AAB8003F382F /* Model */,
				4D743E342D19AA7A003F382F /* View */,
				4DBC7B382D1A07FD0002EE00 /* Presenter */,
			);
			path = TaskList;
			sourceTree = "<group>";
		};
		4D228BC22D197675005588DF /* Extensions */ = {
			isa = PBXGroup;
			children = (
				4D228BC32D1977D6005588DF /* TimeInterval+Extension.swift */,
				4DBC7B3B2D1A12940002EE00 /* Date+Extension.swift */,
				4D743E442D19E4BE003F382F /* UIViewController+Extension.swift */,
				4D743E462D19E529003F382F /* UIResponder+Extension.swift */,
			);
			path = Extensions;
			sourceTree = "<group>";
		};
		4D743E342D19AA7A003F382F /* View */ = {
			isa = PBXGroup;
			children = (
				4D228B9E2D195576005588DF /* TaskListViewController.swift */,
				4D228BC02D1970B3005588DF /* TaskListTableViewCell.swift */,
			);
			path = View;
			sourceTree = "<group>";
		};
		4D743E352D19AAB8003F382F /* Model */ = {
			isa = PBXGroup;
			children = (
				4D743E362D19AB16003F382F /* Task.swift */,
				4DBC7B342D1A03720002EE00 /* TaskRealm.swift */,
				4D743E3A2D19AFAB003F382F /* TaskSectionCreator.swift */,
				4D743E382D19AF71003F382F /* Section.swift */,
			);
			path = Model;
			sourceTree = "<group>";
		};
		4D743E3C2D19C9FF003F382F /* Detail */ = {
			isa = PBXGroup;
			children = (
				4D743E3F2D19CF06003F382F /* View */,
				4D93446C2D1A9F0B00AAE613 /* Presenter */,
			);
			path = Detail;
			sourceTree = "<group>";
		};
		4D743E3F2D19CF06003F382F /* View */ = {
			isa = PBXGroup;
			children = (
				4D743E3D2D19CA37003F382F /* DetailViewController.swift */,
			);
			path = View;
			sourceTree = "<group>";
		};
		4D743E402D19DAD7003F382F /* CreateTask */ = {
			isa = PBXGroup;
			children = (
				4D743E432D19E2AB003F382F /* View */,
				4D93446F2D1AAC2300AAE613 /* Presenter */,
			);
			path = CreateTask;
			sourceTree = "<group>";
		};
		4D743E432D19E2AB003F382F /* View */ = {
			isa = PBXGroup;
			children = (
				4D743E412D19DB17003F382F /* CreateTaskViewController.swift */,
			);
			path = View;
			sourceTree = "<group>";
		};
		4D745D6A2D1AF8990085106C /* Mock */ = {
			isa = PBXGroup;
			children = (
				4D745D6E2D1AFA2D0085106C /* MockRouter.swift */,
				4DD81C8D2D1B125D003C88B2 /* MockNavigationController.swift */,
			);
			path = Mock;
			sourceTree = "<group>";
		};
		4D745D6B2D1AF8A30085106C /* AssemblyTests */ = {
			isa = PBXGroup;
			children = (
				4D745D6C2D1AF93C0085106C /* AssemblyTests.swift */,
			);
			path = AssemblyTests;
			sourceTree = "<group>";
		};
		4D9344672D1A952400AAE613 /* Assembly */ = {
			isa = PBXGroup;
			children = (
				4D9344682D1A954D00AAE613 /* Assembly.swift */,
				4D93446A2D1A967000AAE613 /* AssemblyProtocol.swift */,
			);
			path = Assembly;
			sourceTree = "<group>";
		};
		4D93446C2D1A9F0B00AAE613 /* Presenter */ = {
			isa = PBXGroup;
			children = (
				4D93446D2D1A9F5700AAE613 /* DetailPresenter.swift */,
			);
			path = Presenter;
			sourceTree = "<group>";
		};
		4D93446F2D1AAC2300AAE613 /* Presenter */ = {
			isa = PBXGroup;
			children = (
				4D9344702D1AAC5600AAE613 /* CreateTaskPresenter.swift */,
			);
			path = Presenter;
			sourceTree = "<group>";
		};
		4DA2B64D2D1ACE3B00F4F7B0 /* Router */ = {
			isa = PBXGroup;
			children = (
				4DA2B64E2D1ACF2900F4F7B0 /* Router.swift */,
				4DA2B6502D1AD72400F4F7B0 /* RouterProtocol.swift */,
				4DA2B6522D1AD7C000F4F7B0 /* MainRouterProtocol.swift */,
			);
			path = Router;
			sourceTree = "<group>";
		};
		4DA64CEA2D1C4914004ADE4F /* Network */ = {
			isa = PBXGroup;
			children = (
				4DA64CEF2D1C49E5004ADE4F /* NetworkServiceProtocol.swift */,
				4DA64CF12D1C4A45004ADE4F /* NetworkService+Task.swift */,
				4DA64CEB2D1C4965004ADE4F /* NetworkService.swift */,
				4DA64CED2D1C4987004ADE4F /* NetworkError.swift */,
			);
			path = Network;
			sourceTree = "<group>";
		};
		4DBC7B2D2D1A00E50002EE00 /* Storage */ = {
			isa = PBXGroup;
			children = (
				4DBC7B322D1A03080002EE00 /* RealmServiceProtocol.swift */,
				4DBC7B362D1A04440002EE00 /* RealmService+Task.swift */,
				4DBC7B2E2D1A01180002EE00 /* RealmService.swift */,
				4DBC7B302D1A019E0002EE00 /* RealmError.swift */,
			);
			path = Storage;
			sourceTree = "<group>";
		};
		4DBC7B382D1A07FD0002EE00 /* Presenter */ = {
			isa = PBXGroup;
			children = (
				4DBC7B392D1A08540002EE00 /* TaskListPresenter.swift */,
			);
			path = Presenter;
			sourceTree = "<group>";
		};
		4DD81C8F2D1B176E003C88B2 /* RouterTests */ = {
			isa = PBXGroup;
			children = (
				4D228BB82D196816005588DF /* RouterTests.swift */,
			);
			path = RouterTests;
			sourceTree = "<group>";
		};
		DAF1B6425E6B9BDD0A5961ED /* Frameworks */ = {
			isa = PBXGroup;
			children = (
				11CFF879FF88284D06E31FC6 /* Pods_PlannerApp.framework */,
			);
			name = Frameworks;
			sourceTree = "<group>";
		};
		ED24E5497E929473CB91B3D2 /* Pods */ = {
			isa = PBXGroup;
			children = (
				A681D8B928BA68184A270739 /* Pods-PlannerApp.debug.xcconfig */,
				32DAF5544E850DFE9E5337A5 /* Pods-PlannerApp.release.xcconfig */,
			);
			path = Pods;
			sourceTree = "<group>";
		};
/* End PBXGroup section */

/* Begin PBXNativeTarget section */
		4D228B962D195576005588DF /* PlannerApp */ = {
			isa = PBXNativeTarget;
			buildConfigurationList = 4D228BAB2D195578005588DF /* Build configuration list for PBXNativeTarget "PlannerApp" */;
			buildPhases = (
				A90DC4C83F2CEB063380F0A5 /* [CP] Check Pods Manifest.lock */,
				4D228B932D195576005588DF /* Sources */,
				4D228B942D195576005588DF /* Frameworks */,
				4D228B952D195576005588DF /* Resources */,
				2427B02A0C623486A6AF4191 /* [CP] Embed Pods Frameworks */,
				4D228BAE2D196331005588DF /* SwiftLint */,
			);
			buildRules = (
			);
			dependencies = (
			);
			name = PlannerApp;
			productName = PlannerApp;
			productReference = 4D228B972D195576005588DF /* PlannerApp.app */;
			productType = "com.apple.product-type.application";
		};
		4D228BB52D196815005588DF /* PlannerAppTests */ = {
			isa = PBXNativeTarget;
			buildConfigurationList = 4D228BBC2D196816005588DF /* Build configuration list for PBXNativeTarget "PlannerAppTests" */;
			buildPhases = (
				4D228BB22D196815005588DF /* Sources */,
				4D228BB32D196815005588DF /* Frameworks */,
				4D228BB42D196815005588DF /* Resources */,
			);
			buildRules = (
			);
			dependencies = (
				4D228BBB2D196816005588DF /* PBXTargetDependency */,
			);
			name = PlannerAppTests;
			productName = PlannerAppTests;
			productReference = 4D228BB62D196816005588DF /* PlannerAppTests.xctest */;
			productType = "com.apple.product-type.bundle.unit-test";
		};
/* End PBXNativeTarget section */

/* Begin PBXProject section */
		4D228B8F2D195576005588DF /* Project object */ = {
			isa = PBXProject;
			attributes = {
				BuildIndependentTargetsInParallel = 1;
				LastSwiftUpdateCheck = 1400;
				LastUpgradeCheck = 1400;
				TargetAttributes = {
					4D228B962D195576005588DF = {
						CreatedOnToolsVersion = 14.0;
					};
					4D228BB52D196815005588DF = {
						CreatedOnToolsVersion = 14.0;
						TestTargetID = 4D228B962D195576005588DF;
					};
				};
			};
			buildConfigurationList = 4D228B922D195576005588DF /* Build configuration list for PBXProject "PlannerApp" */;
			compatibilityVersion = "Xcode 14.0";
			developmentRegion = en;
			hasScannedForEncodings = 0;
			knownRegions = (
				en,
				Base,
			);
			mainGroup = 4D228B8E2D195576005588DF;
			productRefGroup = 4D228B982D195576005588DF /* Products */;
			projectDirPath = "";
			projectRoot = "";
			targets = (
				4D228B962D195576005588DF /* PlannerApp */,
				4D228BB52D196815005588DF /* PlannerAppTests */,
			);
		};
/* End PBXProject section */

/* Begin PBXResourcesBuildPhase section */
		4D228B952D195576005588DF /* Resources */ = {
			isa = PBXResourcesBuildPhase;
			buildActionMask = 2147483647;
			files = (
				4D228BA72D195578005588DF /* LaunchScreen.storyboard in Resources */,
				4D228BA42D195578005588DF /* Assets.xcassets in Resources */,
				4DA64CF42D1C4D8B004ADE4F /* Tasks.json in Resources */,
			);
			runOnlyForDeploymentPostprocessing = 0;
		};
		4D228BB42D196815005588DF /* Resources */ = {
			isa = PBXResourcesBuildPhase;
			buildActionMask = 2147483647;
			files = (
			);
			runOnlyForDeploymentPostprocessing = 0;
		};
/* End PBXResourcesBuildPhase section */

/* Begin PBXShellScriptBuildPhase section */
		2427B02A0C623486A6AF4191 /* [CP] Embed Pods Frameworks */ = {
			isa = PBXShellScriptBuildPhase;
			buildActionMask = 2147483647;
			files = (
			);
			inputFileListPaths = (
				"${PODS_ROOT}/Target Support Files/Pods-PlannerApp/Pods-PlannerApp-frameworks-${CONFIGURATION}-input-files.xcfilelist",
			);
			name = "[CP] Embed Pods Frameworks";
			outputFileListPaths = (
				"${PODS_ROOT}/Target Support Files/Pods-PlannerApp/Pods-PlannerApp-frameworks-${CONFIGURATION}-output-files.xcfilelist",
			);
			runOnlyForDeploymentPostprocessing = 0;
			shellPath = /bin/sh;
			shellScript = "\"${PODS_ROOT}/Target Support Files/Pods-PlannerApp/Pods-PlannerApp-frameworks.sh\"\n";
			showEnvVarsInLog = 0;
		};
		4D228BAE2D196331005588DF /* SwiftLint */ = {
			isa = PBXShellScriptBuildPhase;
			alwaysOutOfDate = 1;
			buildActionMask = 2147483647;
			files = (
			);
			inputFileListPaths = (
			);
			inputPaths = (
			);
			name = SwiftLint;
			outputFileListPaths = (
			);
			outputPaths = (
			);
			runOnlyForDeploymentPostprocessing = 0;
			shellPath = /bin/sh;
			shellScript = "\"${PODS_ROOT}/SwiftLint/swiftlint\"\n";
		};
		A90DC4C83F2CEB063380F0A5 /* [CP] Check Pods Manifest.lock */ = {
			isa = PBXShellScriptBuildPhase;
			buildActionMask = 2147483647;
			files = (
			);
			inputFileListPaths = (
			);
			inputPaths = (
				"${PODS_PODFILE_DIR_PATH}/Podfile.lock",
				"${PODS_ROOT}/Manifest.lock",
			);
			name = "[CP] Check Pods Manifest.lock";
			outputFileListPaths = (
			);
			outputPaths = (
				"$(DERIVED_FILE_DIR)/Pods-PlannerApp-checkManifestLockResult.txt",
			);
			runOnlyForDeploymentPostprocessing = 0;
			shellPath = /bin/sh;
			shellScript = "diff \"${PODS_PODFILE_DIR_PATH}/Podfile.lock\" \"${PODS_ROOT}/Manifest.lock\" > /dev/null\nif [ $? != 0 ] ; then\n    # print error to STDERR\n    echo \"error: The sandbox is not in sync with the Podfile.lock. Run 'pod install' or update your CocoaPods installation.\" >&2\n    exit 1\nfi\n# This output is used by Xcode 'outputs' to avoid re-running this script phase.\necho \"SUCCESS\" > \"${SCRIPT_OUTPUT_FILE_0}\"\n";
			showEnvVarsInLog = 0;
		};
/* End PBXShellScriptBuildPhase section */

/* Begin PBXSourcesBuildPhase section */
		4D228B932D195576005588DF /* Sources */ = {
			isa = PBXSourcesBuildPhase;
			buildActionMask = 2147483647;
			files = (
				4DBC7B372D1A04440002EE00 /* RealmService+Task.swift in Sources */,
				4DA64CF22D1C4A45004ADE4F /* NetworkService+Task.swift in Sources */,
				4DA64CEE2D1C4987004ADE4F /* NetworkError.swift in Sources */,
				4DA2B6532D1AD7C000F4F7B0 /* MainRouterProtocol.swift in Sources */,
				4D9344692D1A954D00AAE613 /* Assembly.swift in Sources */,
				4D743E3E2D19CA38003F382F /* DetailViewController.swift in Sources */,
				4D743E452D19E4BE003F382F /* UIViewController+Extension.swift in Sources */,
				4D743E472D19E529003F382F /* UIResponder+Extension.swift in Sources */,
				4DA64CF02D1C49E5004ADE4F /* NetworkServiceProtocol.swift in Sources */,
				4D228BC12D1970B3005588DF /* TaskListTableViewCell.swift in Sources */,
				4D228B9F2D195576005588DF /* TaskListViewController.swift in Sources */,
				4DA2B6512D1AD72400F4F7B0 /* RouterProtocol.swift in Sources */,
				4D93446B2D1A967000AAE613 /* AssemblyProtocol.swift in Sources */,
				4D228BC42D1977D6005588DF /* TimeInterval+Extension.swift in Sources */,
				4DBC7B312D1A019E0002EE00 /* RealmError.swift in Sources */,
				4D743E3B2D19AFAB003F382F /* TaskSectionCreator.swift in Sources */,
				4DA64CEC2D1C4965004ADE4F /* NetworkService.swift in Sources */,
				4DBC7B352D1A03720002EE00 /* TaskRealm.swift in Sources */,
				4D743E392D19AF71003F382F /* Section.swift in Sources */,
				4DBC7B3A2D1A08540002EE00 /* TaskListPresenter.swift in Sources */,
				4D228B9B2D195576005588DF /* AppDelegate.swift in Sources */,
				4D93446E2D1A9F5700AAE613 /* DetailPresenter.swift in Sources */,
				4DA2B64F2D1ACF2900F4F7B0 /* Router.swift in Sources */,
				4DBC7B2F2D1A01180002EE00 /* RealmService.swift in Sources */,
				4D743E372D19AB16003F382F /* Task.swift in Sources */,
				4D228B9D2D195576005588DF /* SceneDelegate.swift in Sources */,
				4D743E422D19DB17003F382F /* CreateTaskViewController.swift in Sources */,
				4DBC7B3C2D1A12940002EE00 /* Date+Extension.swift in Sources */,
				4D9344712D1AAC5600AAE613 /* CreateTaskPresenter.swift in Sources */,
				4DBC7B332D1A03080002EE00 /* RealmServiceProtocol.swift in Sources */,
			);
			runOnlyForDeploymentPostprocessing = 0;
		};
		4D228BB22D196815005588DF /* Sources */ = {
			isa = PBXSourcesBuildPhase;
			buildActionMask = 2147483647;
			files = (
				4D745D6F2D1AFA2D0085106C /* MockRouter.swift in Sources */,
				4D228BB92D196816005588DF /* RouterTests.swift in Sources */,
				4D745D6D2D1AF93C0085106C /* AssemblyTests.swift in Sources */,
				4DD81C8E2D1B125D003C88B2 /* MockNavigationController.swift in Sources */,
			);
			runOnlyForDeploymentPostprocessing = 0;
		};
/* End PBXSourcesBuildPhase section */

/* Begin PBXTargetDependency section */
		4D228BBB2D196816005588DF /* PBXTargetDependency */ = {
			isa = PBXTargetDependency;
			target = 4D228B962D195576005588DF /* PlannerApp */;
			targetProxy = 4D228BBA2D196816005588DF /* PBXContainerItemProxy */;
		};
/* End PBXTargetDependency section */

/* Begin PBXVariantGroup section */
		4D228BA52D195578005588DF /* LaunchScreen.storyboard */ = {
			isa = PBXVariantGroup;
			children = (
				4D228BA62D195578005588DF /* Base */,
			);
			name = LaunchScreen.storyboard;
			sourceTree = "<group>";
		};
/* End PBXVariantGroup section */

/* Begin XCBuildConfiguration section */
		4D228BA92D195578005588DF /* Debug */ = {
			isa = XCBuildConfiguration;
			buildSettings = {
				ALWAYS_SEARCH_USER_PATHS = NO;
				CLANG_ANALYZER_NONNULL = YES;
				CLANG_ANALYZER_NUMBER_OBJECT_CONVERSION = YES_AGGRESSIVE;
				CLANG_CXX_LANGUAGE_STANDARD = "gnu++20";
				CLANG_ENABLE_MODULES = YES;
				CLANG_ENABLE_OBJC_ARC = YES;
				CLANG_ENABLE_OBJC_WEAK = YES;
				CLANG_WARN_BLOCK_CAPTURE_AUTORELEASING = YES;
				CLANG_WARN_BOOL_CONVERSION = YES;
				CLANG_WARN_COMMA = YES;
				CLANG_WARN_CONSTANT_CONVERSION = YES;
				CLANG_WARN_DEPRECATED_OBJC_IMPLEMENTATIONS = YES;
				CLANG_WARN_DIRECT_OBJC_ISA_USAGE = YES_ERROR;
				CLANG_WARN_DOCUMENTATION_COMMENTS = YES;
				CLANG_WARN_EMPTY_BODY = YES;
				CLANG_WARN_ENUM_CONVERSION = YES;
				CLANG_WARN_INFINITE_RECURSION = YES;
				CLANG_WARN_INT_CONVERSION = YES;
				CLANG_WARN_NON_LITERAL_NULL_CONVERSION = YES;
				CLANG_WARN_OBJC_IMPLICIT_RETAIN_SELF = YES;
				CLANG_WARN_OBJC_LITERAL_CONVERSION = YES;
				CLANG_WARN_OBJC_ROOT_CLASS = YES_ERROR;
				CLANG_WARN_QUOTED_INCLUDE_IN_FRAMEWORK_HEADER = YES;
				CLANG_WARN_RANGE_LOOP_ANALYSIS = YES;
				CLANG_WARN_STRICT_PROTOTYPES = YES;
				CLANG_WARN_SUSPICIOUS_MOVE = YES;
				CLANG_WARN_UNGUARDED_AVAILABILITY = YES_AGGRESSIVE;
				CLANG_WARN_UNREACHABLE_CODE = YES;
				CLANG_WARN__DUPLICATE_METHOD_MATCH = YES;
				COPY_PHASE_STRIP = NO;
				DEBUG_INFORMATION_FORMAT = dwarf;
				ENABLE_STRICT_OBJC_MSGSEND = YES;
				ENABLE_TESTABILITY = YES;
				GCC_C_LANGUAGE_STANDARD = gnu11;
				GCC_DYNAMIC_NO_PIC = NO;
				GCC_NO_COMMON_BLOCKS = YES;
				GCC_OPTIMIZATION_LEVEL = 0;
				GCC_PREPROCESSOR_DEFINITIONS = (
					"DEBUG=1",
					"$(inherited)",
				);
				GCC_WARN_64_TO_32_BIT_CONVERSION = YES;
				GCC_WARN_ABOUT_RETURN_TYPE = YES_ERROR;
				GCC_WARN_UNDECLARED_SELECTOR = YES;
				GCC_WARN_UNINITIALIZED_AUTOS = YES_AGGRESSIVE;
				GCC_WARN_UNUSED_FUNCTION = YES;
				GCC_WARN_UNUSED_VARIABLE = YES;
				IPHONEOS_DEPLOYMENT_TARGET = 12.0;
				MTL_ENABLE_DEBUG_INFO = INCLUDE_SOURCE;
				MTL_FAST_MATH = YES;
				ONLY_ACTIVE_ARCH = YES;
				SDKROOT = iphoneos;
				SWIFT_ACTIVE_COMPILATION_CONDITIONS = DEBUG;
				SWIFT_OPTIMIZATION_LEVEL = "-Onone";
			};
			name = Debug;
		};
		4D228BAA2D195578005588DF /* Release */ = {
			isa = XCBuildConfiguration;
			buildSettings = {
				ALWAYS_SEARCH_USER_PATHS = NO;
				CLANG_ANALYZER_NONNULL = YES;
				CLANG_ANALYZER_NUMBER_OBJECT_CONVERSION = YES_AGGRESSIVE;
				CLANG_CXX_LANGUAGE_STANDARD = "gnu++20";
				CLANG_ENABLE_MODULES = YES;
				CLANG_ENABLE_OBJC_ARC = YES;
				CLANG_ENABLE_OBJC_WEAK = YES;
				CLANG_WARN_BLOCK_CAPTURE_AUTORELEASING = YES;
				CLANG_WARN_BOOL_CONVERSION = YES;
				CLANG_WARN_COMMA = YES;
				CLANG_WARN_CONSTANT_CONVERSION = YES;
				CLANG_WARN_DEPRECATED_OBJC_IMPLEMENTATIONS = YES;
				CLANG_WARN_DIRECT_OBJC_ISA_USAGE = YES_ERROR;
				CLANG_WARN_DOCUMENTATION_COMMENTS = YES;
				CLANG_WARN_EMPTY_BODY = YES;
				CLANG_WARN_ENUM_CONVERSION = YES;
				CLANG_WARN_INFINITE_RECURSION = YES;
				CLANG_WARN_INT_CONVERSION = YES;
				CLANG_WARN_NON_LITERAL_NULL_CONVERSION = YES;
				CLANG_WARN_OBJC_IMPLICIT_RETAIN_SELF = YES;
				CLANG_WARN_OBJC_LITERAL_CONVERSION = YES;
				CLANG_WARN_OBJC_ROOT_CLASS = YES_ERROR;
				CLANG_WARN_QUOTED_INCLUDE_IN_FRAMEWORK_HEADER = YES;
				CLANG_WARN_RANGE_LOOP_ANALYSIS = YES;
				CLANG_WARN_STRICT_PROTOTYPES = YES;
				CLANG_WARN_SUSPICIOUS_MOVE = YES;
				CLANG_WARN_UNGUARDED_AVAILABILITY = YES_AGGRESSIVE;
				CLANG_WARN_UNREACHABLE_CODE = YES;
				CLANG_WARN__DUPLICATE_METHOD_MATCH = YES;
				COPY_PHASE_STRIP = NO;
				DEBUG_INFORMATION_FORMAT = "dwarf-with-dsym";
				ENABLE_NS_ASSERTIONS = NO;
				ENABLE_STRICT_OBJC_MSGSEND = YES;
				GCC_C_LANGUAGE_STANDARD = gnu11;
				GCC_NO_COMMON_BLOCKS = YES;
				GCC_WARN_64_TO_32_BIT_CONVERSION = YES;
				GCC_WARN_ABOUT_RETURN_TYPE = YES_ERROR;
				GCC_WARN_UNDECLARED_SELECTOR = YES;
				GCC_WARN_UNINITIALIZED_AUTOS = YES_AGGRESSIVE;
				GCC_WARN_UNUSED_FUNCTION = YES;
				GCC_WARN_UNUSED_VARIABLE = YES;
				IPHONEOS_DEPLOYMENT_TARGET = 12.0;
				MTL_ENABLE_DEBUG_INFO = NO;
				MTL_FAST_MATH = YES;
				SDKROOT = iphoneos;
				SWIFT_COMPILATION_MODE = wholemodule;
				SWIFT_OPTIMIZATION_LEVEL = "-O";
				VALIDATE_PRODUCT = YES;
			};
			name = Release;
		};
		4D228BAC2D195578005588DF /* Debug */ = {
			isa = XCBuildConfiguration;
			baseConfigurationReference = A681D8B928BA68184A270739 /* Pods-PlannerApp.debug.xcconfig */;
			buildSettings = {
				ASSETCATALOG_COMPILER_APPICON_NAME = AppIcon;
				ASSETCATALOG_COMPILER_GLOBAL_ACCENT_COLOR_NAME = AccentColor;
				CODE_SIGN_STYLE = Automatic;
				CURRENT_PROJECT_VERSION = 1;
				GENERATE_INFOPLIST_FILE = YES;
				INFOPLIST_FILE = PlannerApp/SupportingFiles/Info.plist;
				INFOPLIST_KEY_UIApplicationSupportsIndirectInputEvents = YES;
				INFOPLIST_KEY_UILaunchStoryboardName = LaunchScreen;
				INFOPLIST_KEY_UISupportedInterfaceOrientations = UIInterfaceOrientationPortrait;
				INFOPLIST_KEY_UISupportedInterfaceOrientations_iPad = "UIInterfaceOrientationLandscapeLeft UIInterfaceOrientationLandscapeRight UIInterfaceOrientationPortrait UIInterfaceOrientationPortraitUpsideDown";
				LD_RUNPATH_SEARCH_PATHS = (
					"$(inherited)",
					"@executable_path/Frameworks",
				);
				MARKETING_VERSION = 1.0;
				PRODUCT_BUNDLE_IDENTIFIER = com.hello.PlannerApp;
				PRODUCT_NAME = "$(TARGET_NAME)";
				SUPPORTED_PLATFORMS = "iphoneos iphonesimulator";
				SUPPORTS_MACCATALYST = NO;
				SUPPORTS_MAC_DESIGNED_FOR_IPHONE_IPAD = NO;
				SWIFT_EMIT_LOC_STRINGS = YES;
				SWIFT_VERSION = 5.0;
				TARGETED_DEVICE_FAMILY = 1;
			};
			name = Debug;
		};
		4D228BAD2D195578005588DF /* Release */ = {
			isa = XCBuildConfiguration;
			baseConfigurationReference = 32DAF5544E850DFE9E5337A5 /* Pods-PlannerApp.release.xcconfig */;
			buildSettings = {
				ASSETCATALOG_COMPILER_APPICON_NAME = AppIcon;
				ASSETCATALOG_COMPILER_GLOBAL_ACCENT_COLOR_NAME = AccentColor;
				CODE_SIGN_STYLE = Automatic;
				CURRENT_PROJECT_VERSION = 1;
				GENERATE_INFOPLIST_FILE = YES;
				INFOPLIST_FILE = PlannerApp/SupportingFiles/Info.plist;
				INFOPLIST_KEY_UIApplicationSupportsIndirectInputEvents = YES;
				INFOPLIST_KEY_UILaunchStoryboardName = LaunchScreen;
				INFOPLIST_KEY_UISupportedInterfaceOrientations = UIInterfaceOrientationPortrait;
				INFOPLIST_KEY_UISupportedInterfaceOrientations_iPad = "UIInterfaceOrientationLandscapeLeft UIInterfaceOrientationLandscapeRight UIInterfaceOrientationPortrait UIInterfaceOrientationPortraitUpsideDown";
				LD_RUNPATH_SEARCH_PATHS = (
					"$(inherited)",
					"@executable_path/Frameworks",
				);
				MARKETING_VERSION = 1.0;
				PRODUCT_BUNDLE_IDENTIFIER = com.hello.PlannerApp;
				PRODUCT_NAME = "$(TARGET_NAME)";
				SUPPORTED_PLATFORMS = "iphoneos iphonesimulator";
				SUPPORTS_MACCATALYST = NO;
				SUPPORTS_MAC_DESIGNED_FOR_IPHONE_IPAD = NO;
				SWIFT_EMIT_LOC_STRINGS = YES;
				SWIFT_VERSION = 5.0;
				TARGETED_DEVICE_FAMILY = 1;
			};
			name = Release;
		};
		4D228BBD2D196816005588DF /* Debug */ = {
			isa = XCBuildConfiguration;
			buildSettings = {
				BUNDLE_LOADER = "$(TEST_HOST)";
				CODE_SIGN_STYLE = Automatic;
				CURRENT_PROJECT_VERSION = 1;
				GENERATE_INFOPLIST_FILE = YES;
				IPHONEOS_DEPLOYMENT_TARGET = 16.0;
				MARKETING_VERSION = 1.0;
				PRODUCT_BUNDLE_IDENTIFIER = com.hello.PlannerAppTests;
				PRODUCT_NAME = "$(TARGET_NAME)";
				SUPPORTED_PLATFORMS = "iphoneos iphonesimulator";
				SUPPORTS_MACCATALYST = NO;
				SUPPORTS_MAC_DESIGNED_FOR_IPHONE_IPAD = NO;
				SWIFT_EMIT_LOC_STRINGS = NO;
				SWIFT_VERSION = 5.0;
				TARGETED_DEVICE_FAMILY = 1;
				TEST_HOST = "$(BUILT_PRODUCTS_DIR)/PlannerApp.app/$(BUNDLE_EXECUTABLE_FOLDER_PATH)/PlannerApp";
			};
			name = Debug;
		};
		4D228BBE2D196816005588DF /* Release */ = {
			isa = XCBuildConfiguration;
			buildSettings = {
				BUNDLE_LOADER = "$(TEST_HOST)";
				CODE_SIGN_STYLE = Automatic;
				CURRENT_PROJECT_VERSION = 1;
				GENERATE_INFOPLIST_FILE = YES;
				IPHONEOS_DEPLOYMENT_TARGET = 16.0;
				MARKETING_VERSION = 1.0;
				PRODUCT_BUNDLE_IDENTIFIER = com.hello.PlannerAppTests;
				PRODUCT_NAME = "$(TARGET_NAME)";
				SUPPORTED_PLATFORMS = "iphoneos iphonesimulator";
				SUPPORTS_MACCATALYST = NO;
				SUPPORTS_MAC_DESIGNED_FOR_IPHONE_IPAD = NO;
				SWIFT_EMIT_LOC_STRINGS = NO;
				SWIFT_VERSION = 5.0;
				TARGETED_DEVICE_FAMILY = 1;
				TEST_HOST = "$(BUILT_PRODUCTS_DIR)/PlannerApp.app/$(BUNDLE_EXECUTABLE_FOLDER_PATH)/PlannerApp";
			};
			name = Release;
		};
/* End XCBuildConfiguration section */

/* Begin XCConfigurationList section */
		4D228B922D195576005588DF /* Build configuration list for PBXProject "PlannerApp" */ = {
			isa = XCConfigurationList;
			buildConfigurations = (
				4D228BA92D195578005588DF /* Debug */,
				4D228BAA2D195578005588DF /* Release */,
			);
			defaultConfigurationIsVisible = 0;
			defaultConfigurationName = Release;
		};
		4D228BAB2D195578005588DF /* Build configuration list for PBXNativeTarget "PlannerApp" */ = {
			isa = XCConfigurationList;
			buildConfigurations = (
				4D228BAC2D195578005588DF /* Debug */,
				4D228BAD2D195578005588DF /* Release */,
			);
			defaultConfigurationIsVisible = 0;
			defaultConfigurationName = Release;
		};
		4D228BBC2D196816005588DF /* Build configuration list for PBXNativeTarget "PlannerAppTests" */ = {
			isa = XCConfigurationList;
			buildConfigurations = (
				4D228BBD2D196816005588DF /* Debug */,
				4D228BBE2D196816005588DF /* Release */,
			);
			defaultConfigurationIsVisible = 0;
			defaultConfigurationName = Release;
		};
/* End XCConfigurationList section */
	};
	rootObject = 4D228B8F2D195576005588DF /* Project object */;
}
